
Microsoft Visual Studio Solution File, Format Version 12.00
# Visual Studio Version 17
VisualStudioVersion = 17.10.34916.146
MinimumVisualStudioVersion = 10.0.40219.1
Project("{FAE04EC0-301F-11D3-BF4B-00C04F79EFBC}") = "ExoAspMvc", "ExoAspMvc\ExoAspMvc.csproj", "{7BD17F37-042B-4E51-A763-C4ABF3883E1F}"
EndProject
Global
	GlobalSection(SolutionConfigurationPlatforms) = preSolution
		Debug|Any CPU = Debug|Any CPU
		Release|Any CPU = Release|Any CPU
	EndGlobalSection
	GlobalSection(ProjectConfigurationPlatforms) = postSolution
		{7BD17F37-042B-4E51-A763-C4ABF3883E1F}.Debug|Any CPU.ActiveCfg = Debug|Any CPU
		{7BD17F37-042B-4E51-A763-C4ABF3883E1F}.Debug|Any CPU.Build.0 = Debug|Any CPU
		{7BD17F37-042B-4E51-A763-C4ABF3883E1F}.Release|Any CPU.ActiveCfg = Release|Any CPU
		{7BD17F37-042B-4E51-A763-C4ABF3883E1F}.Release|Any CPU.Build.0 = Release|Any CPU
	EndGlobalSection
	GlobalSection(SolutionProperties) = preSolution
		HideSolutionNode = FALSE
	EndGlobalSection
	GlobalSection(ExtensibilityGlobals) = postSolution
		SolutionGuid = {CDEC3668-B09D-4490-8E6B-EA642AA36811}
	EndGlobalSection
EndGlobal
