
Microsoft Visual Studio Solution File, Format Version 12.00
# Visual Studio Version 17
VisualStudioVersion = 17.10.34916.146
MinimumVisualStudioVersion = 10.0.40219.1
Project("{9A19103F-16F7-4668-BE54-9A1E7A4F7556}") = "ExoAspMvc", "ExoAspMvc\ExoAspMvc.csproj", "{7BD17F37-042B-4E51-A763-C4ABF3883E1F}"
EndProject
Project("{00D1A9C2-B5F0-4AF3-8072-F6C62B433612}") = "DatabaseMVC", "DatabaseMVC\DatabaseMVC.sqlproj", "{88A5598B-AED7-486A-B7A6-E49B51EC9A52}"
EndProject
Global
	GlobalSection(SolutionConfigurationPlatforms) = preSolution
		Debug|Any CPU = Debug|Any CPU
		Release|Any CPU = Release|Any CPU
	EndGlobalSection
	GlobalSection(ProjectConfigurationPlatforms) = postSolution
		{7BD17F37-042B-4E51-A763-C4ABF3883E1F}.Debug|Any CPU.ActiveCfg = Debug|Any CPU
		{7BD17F37-042B-4E51-A763-C4ABF3883E1F}.Debug|Any CPU.Build.0 = Debug|Any CPU
		{7BD17F37-042B-4E51-A763-C4ABF3883E1F}.Release|Any CPU.ActiveCfg = Release|Any CPU
		{7BD17F37-042B-4E51-A763-C4ABF3883E1F}.Release|Any CPU.Build.0 = Release|Any CPU
		{88A5598B-AED7-486A-B7A6-E49B51EC9A52}.Debug|Any CPU.ActiveCfg = Debug|Any CPU
		{88A5598B-AED7-486A-B7A6-E49B51EC9A52}.Debug|Any CPU.Build.0 = Debug|Any CPU
		{88A5598B-AED7-486A-B7A6-E49B51EC9A52}.Debug|Any CPU.Deploy.0 = Debug|Any CPU
		{88A5598B-AED7-486A-B7A6-E49B51EC9A52}.Release|Any CPU.ActiveCfg = Release|Any CPU
		{88A5598B-AED7-486A-B7A6-E49B51EC9A52}.Release|Any CPU.Build.0 = Release|Any CPU
		{88A5598B-AED7-486A-B7A6-E49B51EC9A52}.Release|Any CPU.Deploy.0 = Release|Any CPU
	EndGlobalSection
	GlobalSection(SolutionProperties) = preSolution
		HideSolutionNode = FALSE
	EndGlobalSection
	GlobalSection(ExtensibilityGlobals) = postSolution
		SolutionGuid = {CDEC3668-B09D-4490-8E6B-EA642AA36811}
	EndGlobalSection
EndGlobal
